
Microsoft Visual Studio Solution File, Format Version 12.00
# Visual Studio 2015
Project("{FAE04EC0-301F-11D3-BF4B-00C04F79EFBC}") = "Spheres", "Spheres.csproj", "{943A80ED-BD82-8A68-87CE-D073D5C077EF}"
EndProject
Global
	GlobalSection(SolutionConfigurationPlatforms) = preSolution
		Debug|Any CPU = Debug|Any CPU
		Release|Any CPU = Release|Any CPU
	EndGlobalSection
	GlobalSection(ProjectConfigurationPlatforms) = postSolution
		{943A80ED-BD82-8A68-87CE-D073D5C077EF}.Debug|Any CPU.ActiveCfg = Debug|Any CPU
		{943A80ED-BD82-8A68-87CE-D073D5C077EF}.Debug|Any CPU.Build.0 = Debug|Any CPU
		{943A80ED-BD82-8A68-87CE-D073D5C077EF}.Release|Any CPU.ActiveCfg = Release|Any CPU
		{943A80ED-BD82-8A68-87CE-D073D5C077EF}.Release|Any CPU.Build.0 = Release|Any CPU
	EndGlobalSection
	GlobalSection(SolutionProperties) = preSolution
		HideSolutionNode = FALSE
	EndGlobalSection
EndGlobal
